{
  "name": "BattleCities-Mainsite",
  "lockfileVersion": 3,
  "requires": true,
  "packages": {
    "": {
      "dependencies": {
        "@cherrydotfun/chat-embed-sdk": "0.1.6"
      }
    },
    "node_modules/@cherrydotfun/chat-embed-sdk": {
      "version": "0.1.6",
      "resolved": "https://registry.npmjs.org/@cherrydotfun/chat-embed-sdk/-/chat-embed-sdk-0.1.6.tgz",
      "integrity": "sha512-D7r3EBB2f8gMa9b+RzvpIqgvEIB+lLNYbLPY/iM9gskCONtk60ivAdLK4gh9oOVIAMuCv2JTkegJMWIcidcDzg==",
      "license": "MIT"
    }
  }
}
